
Microsoft Visual Studio Solution File, Format Version 12.00
# Visual Studio Version 17
VisualStudioVersion = 17.9.34616.47
MinimumVisualStudioVersion = 10.0.40219.1
Project("{FAE04EC0-301F-11D3-BF4B-00C04F79EFBC}") = "FacrturasAPP", "FacrturasAPP\FacrturasAPP.csproj", "{B482251F-40C9-487F-BB5D-23176D2B8EF1}"
EndProject
Global
	GlobalSection(SolutionConfigurationPlatforms) = preSolution
		Debug|Any CPU = Debug|Any CPU
		Release|Any CPU = Release|Any CPU
	EndGlobalSection
	GlobalSection(ProjectConfigurationPlatforms) = postSolution
		{B482251F-40C9-487F-BB5D-23176D2B8EF1}.Debug|Any CPU.ActiveCfg = Debug|Any CPU
		{B482251F-40C9-487F-BB5D-23176D2B8EF1}.Debug|Any CPU.Build.0 = Debug|Any CPU
		{B482251F-40C9-487F-BB5D-23176D2B8EF1}.Release|Any CPU.ActiveCfg = Release|Any CPU
		{B482251F-40C9-487F-BB5D-23176D2B8EF1}.Release|Any CPU.Build.0 = Release|Any CPU
	EndGlobalSection
	GlobalSection(SolutionProperties) = preSolution
		HideSolutionNode = FALSE
	EndGlobalSection
	GlobalSection(ExtensibilityGlobals) = postSolution
		SolutionGuid = {BD3853A7-5D5B-449F-A3FC-B01C7BDE89F6}
	EndGlobalSection
EndGlobal
